
Microsoft Visual Studio Solution File, Format Version 12.00
# Visual Studio Version 16
VisualStudioVersion = 16.0.29920.165
MinimumVisualStudioVersion = 10.0.40219.1
Project("{9A19103F-16F7-4668-BE54-9A1E7A4F7556}") = "CopaFilmeWeb", "CopaFilmeWeb\CopaFilmeWeb.csproj", "{DD776C59-85EF-480E-956E-66FBC77CB49D}"
EndProject
Project("{E24C65DC-7377-472B-9ABA-BC803B73C61A}") = "ngCopaFilme", "..\ngCopaFilme\", "{2F1526B2-6167-4393-9CD1-B15EAA621F9F}"
	ProjectSection(WebsiteProperties) = preProject
		TargetFrameworkMoniker = ".NETFramework,Version%3Dv4.0"
		Debug.AspNetCompiler.VirtualPath = "/localhost_50664"
		Debug.AspNetCompiler.PhysicalPath = "..\ngCopaFilme\"
		Debug.AspNetCompiler.TargetPath = "PrecompiledWeb\localhost_50664\"
		Debug.AspNetCompiler.Updateable = "true"
		Debug.AspNetCompiler.ForceOverwrite = "true"
		Debug.AspNetCompiler.FixedNames = "false"
		Debug.AspNetCompiler.Debug = "True"
		Release.AspNetCompiler.VirtualPath = "/localhost_50664"
		Release.AspNetCompiler.PhysicalPath = "..\ngCopaFilme\"
		Release.AspNetCompiler.TargetPath = "PrecompiledWeb\localhost_50664\"
		Release.AspNetCompiler.Updateable = "true"
		Release.AspNetCompiler.ForceOverwrite = "true"
		Release.AspNetCompiler.FixedNames = "false"
		Release.AspNetCompiler.Debug = "False"
		VWDPort = "50664"
		SlnRelativePath = "..\ngCopaFilme\"
	EndProjectSection
EndProject
Project("{9A19103F-16F7-4668-BE54-9A1E7A4F7556}") = "CopaFilme.Integration", "CopaFilme.Integration\CopaFilme.Integration.csproj", "{B330CD49-3179-4499-AE8F-2858B47E4AA4}"
EndProject
Project("{9A19103F-16F7-4668-BE54-9A1E7A4F7556}") = "CopaFilme.Service", "CopaFilme.Service\CopaFilme.Service.csproj", "{A4BA8798-C298-45AA-99AA-C45563F2D6FB}"
EndProject
Project("{9A19103F-16F7-4668-BE54-9A1E7A4F7556}") = "CopaFilme.TestUnit", "CopaFilme.TestUnit\CopaFilme.TestUnit.csproj", "{2B460926-63CB-4F16-88F6-02FEC64E9633}"
EndProject
Project("{FAE04EC0-301F-11D3-BF4B-00C04F79EFBC}") = "CopaFilme.TesteAutomatizado", "CopaFilme.TesteAutomatizado\CopaFilme.TesteAutomatizado.csproj", "{FB426325-04A8-403D-99A4-A83E7F290AC1}"
EndProject
Global
	GlobalSection(SolutionConfigurationPlatforms) = preSolution
		Debug|Any CPU = Debug|Any CPU
		Release|Any CPU = Release|Any CPU
	EndGlobalSection
	GlobalSection(ProjectConfigurationPlatforms) = postSolution
		{DD776C59-85EF-480E-956E-66FBC77CB49D}.Debug|Any CPU.ActiveCfg = Debug|Any CPU
		{DD776C59-85EF-480E-956E-66FBC77CB49D}.Debug|Any CPU.Build.0 = Debug|Any CPU
		{DD776C59-85EF-480E-956E-66FBC77CB49D}.Release|Any CPU.ActiveCfg = Release|Any CPU
		{DD776C59-85EF-480E-956E-66FBC77CB49D}.Release|Any CPU.Build.0 = Release|Any CPU
		{2F1526B2-6167-4393-9CD1-B15EAA621F9F}.Debug|Any CPU.ActiveCfg = Debug|Any CPU
		{2F1526B2-6167-4393-9CD1-B15EAA621F9F}.Debug|Any CPU.Build.0 = Debug|Any CPU
		{2F1526B2-6167-4393-9CD1-B15EAA621F9F}.Release|Any CPU.ActiveCfg = Debug|Any CPU
		{2F1526B2-6167-4393-9CD1-B15EAA621F9F}.Release|Any CPU.Build.0 = Debug|Any CPU
		{B330CD49-3179-4499-AE8F-2858B47E4AA4}.Debug|Any CPU.ActiveCfg = Debug|Any CPU
		{B330CD49-3179-4499-AE8F-2858B47E4AA4}.Debug|Any CPU.Build.0 = Debug|Any CPU
		{B330CD49-3179-4499-AE8F-2858B47E4AA4}.Release|Any CPU.ActiveCfg = Release|Any CPU
		{B330CD49-3179-4499-AE8F-2858B47E4AA4}.Release|Any CPU.Build.0 = Release|Any CPU
		{A4BA8798-C298-45AA-99AA-C45563F2D6FB}.Debug|Any CPU.ActiveCfg = Debug|Any CPU
		{A4BA8798-C298-45AA-99AA-C45563F2D6FB}.Debug|Any CPU.Build.0 = Debug|Any CPU
		{A4BA8798-C298-45AA-99AA-C45563F2D6FB}.Release|Any CPU.ActiveCfg = Release|Any CPU
		{A4BA8798-C298-45AA-99AA-C45563F2D6FB}.Release|Any CPU.Build.0 = Release|Any CPU
		{2B460926-63CB-4F16-88F6-02FEC64E9633}.Debug|Any CPU.ActiveCfg = Debug|Any CPU
		{2B460926-63CB-4F16-88F6-02FEC64E9633}.Debug|Any CPU.Build.0 = Debug|Any CPU
		{2B460926-63CB-4F16-88F6-02FEC64E9633}.Release|Any CPU.ActiveCfg = Release|Any CPU
		{2B460926-63CB-4F16-88F6-02FEC64E9633}.Release|Any CPU.Build.0 = Release|Any CPU
		{FB426325-04A8-403D-99A4-A83E7F290AC1}.Debug|Any CPU.ActiveCfg = Debug|Any CPU
		{FB426325-04A8-403D-99A4-A83E7F290AC1}.Debug|Any CPU.Build.0 = Debug|Any CPU
		{FB426325-04A8-403D-99A4-A83E7F290AC1}.Release|Any CPU.ActiveCfg = Release|Any CPU
		{FB426325-04A8-403D-99A4-A83E7F290AC1}.Release|Any CPU.Build.0 = Release|Any CPU
	EndGlobalSection
	GlobalSection(SolutionProperties) = preSolution
		HideSolutionNode = FALSE
	EndGlobalSection
	GlobalSection(ExtensibilityGlobals) = postSolution
		SolutionGuid = {8FED564F-BF7B-44C1-B7FA-DED3B9461702}
	EndGlobalSection
EndGlobal
